
Microsoft Visual Studio Solution File, Format Version 12.00
# Visual Studio Version 17
VisualStudioVersion = 17.8.34408.163
MinimumVisualStudioVersion = 10.0.40219.1
Project("{2150E333-8FDC-42A3-9474-1A3956D46DE8}") = "src", "src", "{3AFAFE8B-1562-4BC0-9695-DFBC602EF2A6}"
	ProjectSection(SolutionItems) = preProject
		docker-compose.yml = docker-compose.yml
	EndProjectSection
EndProject
Project("{9A19103F-16F7-4668-BE54-9A1E7A4F7556}") = "AuctionService", "src\AuctionService\AuctionService.csproj", "{2A873776-8E2D-4F83-B6D5-EB200F508731}"
EndProject
Global
	GlobalSection(SolutionConfigurationPlatforms) = preSolution
		Debug|Any CPU = Debug|Any CPU
		Release|Any CPU = Release|Any CPU
	EndGlobalSection
	GlobalSection(ProjectConfigurationPlatforms) = postSolution
		{2A873776-8E2D-4F83-B6D5-EB200F508731}.Debug|Any CPU.ActiveCfg = Debug|Any CPU
		{2A873776-8E2D-4F83-B6D5-EB200F508731}.Debug|Any CPU.Build.0 = Debug|Any CPU
		{2A873776-8E2D-4F83-B6D5-EB200F508731}.Release|Any CPU.ActiveCfg = Release|Any CPU
		{2A873776-8E2D-4F83-B6D5-EB200F508731}.Release|Any CPU.Build.0 = Release|Any CPU
	EndGlobalSection
	GlobalSection(SolutionProperties) = preSolution
		HideSolutionNode = FALSE
	EndGlobalSection
	GlobalSection(NestedProjects) = preSolution
		{2A873776-8E2D-4F83-B6D5-EB200F508731} = {3AFAFE8B-1562-4BC0-9695-DFBC602EF2A6}
	EndGlobalSection
	GlobalSection(ExtensibilityGlobals) = postSolution
		SolutionGuid = {4956E799-5E29-4F4D-8BEA-F45A41E4A8F7}
	EndGlobalSection
EndGlobal
